
Microsoft Visual Studio Solution File, Format Version 12.00
# Visual Studio Version 16
VisualStudioVersion = 16.0.30114.105
MinimumVisualStudioVersion = 10.0.40219.1
Project("{9A19103F-16F7-4668-BE54-9A1E7A4F7556}") = "Quartz.UI", "Quartz.UI\Quartz.UI.csproj", "{5DB3BF5B-A5F4-4043-A4B5-03DD843ECAAE}"
EndProject
Project("{9A19103F-16F7-4668-BE54-9A1E7A4F7556}") = "Quartz.Server", "Quartz.Server\Quartz.Server.csproj", "{AF059E97-9558-4B7F-8E31-1CFA6713DEEE}"
EndProject
Project("{9A19103F-16F7-4668-BE54-9A1E7A4F7556}") = "Vulild.Service.Quartz", "Vulild.Service.Quartz\Vulild.Service.Quartz.csproj", "{F897E494-1EC0-42AD-BC79-7B42657853A6}"
EndProject
Project("{9A19103F-16F7-4668-BE54-9A1E7A4F7556}") = "Vulild.Service.Task", "Vulild.Service.Task\Vulild.Service.Task.csproj", "{B41B3BB5-AD68-45E1-8769-AA0F98C081FD}"
EndProject
Project("{FAE04EC0-301F-11D3-BF4B-00C04F79EFBC}") = "Quartz.Tasks", "Quartz.Task\Quartz.Tasks.csproj", "{88401074-F01B-4599-8790-DA6CF77A3F41}"
EndProject
Global
	GlobalSection(SolutionConfigurationPlatforms) = preSolution
		Debug|Any CPU = Debug|Any CPU
		Release|Any CPU = Release|Any CPU
	EndGlobalSection
	GlobalSection(ProjectConfigurationPlatforms) = postSolution
		{5DB3BF5B-A5F4-4043-A4B5-03DD843ECAAE}.Debug|Any CPU.ActiveCfg = Debug|Any CPU
		{5DB3BF5B-A5F4-4043-A4B5-03DD843ECAAE}.Debug|Any CPU.Build.0 = Debug|Any CPU
		{5DB3BF5B-A5F4-4043-A4B5-03DD843ECAAE}.Release|Any CPU.ActiveCfg = Release|Any CPU
		{5DB3BF5B-A5F4-4043-A4B5-03DD843ECAAE}.Release|Any CPU.Build.0 = Release|Any CPU
		{AF059E97-9558-4B7F-8E31-1CFA6713DEEE}.Debug|Any CPU.ActiveCfg = Debug|Any CPU
		{AF059E97-9558-4B7F-8E31-1CFA6713DEEE}.Debug|Any CPU.Build.0 = Debug|Any CPU
		{AF059E97-9558-4B7F-8E31-1CFA6713DEEE}.Release|Any CPU.ActiveCfg = Release|Any CPU
		{AF059E97-9558-4B7F-8E31-1CFA6713DEEE}.Release|Any CPU.Build.0 = Release|Any CPU
		{F897E494-1EC0-42AD-BC79-7B42657853A6}.Debug|Any CPU.ActiveCfg = Debug|Any CPU
		{F897E494-1EC0-42AD-BC79-7B42657853A6}.Debug|Any CPU.Build.0 = Debug|Any CPU
		{F897E494-1EC0-42AD-BC79-7B42657853A6}.Release|Any CPU.ActiveCfg = Release|Any CPU
		{F897E494-1EC0-42AD-BC79-7B42657853A6}.Release|Any CPU.Build.0 = Release|Any CPU
		{B41B3BB5-AD68-45E1-8769-AA0F98C081FD}.Debug|Any CPU.ActiveCfg = Debug|Any CPU
		{B41B3BB5-AD68-45E1-8769-AA0F98C081FD}.Debug|Any CPU.Build.0 = Debug|Any CPU
		{B41B3BB5-AD68-45E1-8769-AA0F98C081FD}.Release|Any CPU.ActiveCfg = Release|Any CPU
		{B41B3BB5-AD68-45E1-8769-AA0F98C081FD}.Release|Any CPU.Build.0 = Release|Any CPU
		{88401074-F01B-4599-8790-DA6CF77A3F41}.Debug|Any CPU.ActiveCfg = Debug|Any CPU
		{88401074-F01B-4599-8790-DA6CF77A3F41}.Debug|Any CPU.Build.0 = Debug|Any CPU
		{88401074-F01B-4599-8790-DA6CF77A3F41}.Release|Any CPU.ActiveCfg = Release|Any CPU
		{88401074-F01B-4599-8790-DA6CF77A3F41}.Release|Any CPU.Build.0 = Release|Any CPU
	EndGlobalSection
	GlobalSection(SolutionProperties) = preSolution
		HideSolutionNode = FALSE
	EndGlobalSection
	GlobalSection(ExtensibilityGlobals) = postSolution
		SolutionGuid = {9D5297B5-0486-41A1-BF45-F57E3FCBBD8A}
	EndGlobalSection
EndGlobal
